// !$*UTF8*$!
{
	archiveVersion = 1;
	classes = {
	};
	objectVersion = 77;
	objects = {

/* Begin PBXBuildFile section */
		F400C4CA2E69884100708532 /* FirebaseAuth in Frameworks */ = {isa = PBXBuildFile; productRef = F400C4C92E69884100708532 /* FirebaseAuth */; };
		F400C4CC2E69884100708532 /* FirebaseCore in Frameworks */ = {isa = PBXBuildFile; productRef = F400C4CB2E69884100708532 /* FirebaseCore */; };
		F400C4CE2E69884100708532 /* FirebaseDatabase in Frameworks */ = {isa = PBXBuildFile; productRef = F400C4CD2E69884100708532 /* FirebaseDatabase */; };
		F400C4D02E69884100708532 /* FirebaseFirestore in Frameworks */ = {isa = PBXBuildFile; productRef = F400C4CF2E69884100708532 /* FirebaseFirestore */; };
		F400C4D22E69884100708532 /* FirebaseFunctions in Frameworks */ = {isa = PBXBuildFile; productRef = F400C4D12E69884100708532 /* FirebaseFunctions */; };
		F400C4D42E69884100708532 /* FirebaseFunctionsCombine-Community in Frameworks */ = {isa = PBXBuildFile; productRef = F400C4D32E69884100708532 /* FirebaseFunctionsCombine-Community */; };
		F400C4D62E69884100708532 /* FirebaseMessaging in Frameworks */ = {isa = PBXBuildFile; productRef = F400C4D52E69884100708532 /* FirebaseMessaging */; };
		F400C4D82E69884100708532 /* FirebasePerformance in Frameworks */ = {isa = PBXBuildFile; productRef = F400C4D72E69884100708532 /* FirebasePerformance */; };
		F400C4DA2E69884100708532 /* FirebaseStorage in Frameworks */ = {isa = PBXBuildFile; productRef = F400C4D92E69884100708532 /* FirebaseStorage */; };
		F400C4E92E69965300708532 /* GoogleSignIn in Frameworks */ = {isa = PBXBuildFile; productRef = F400C4E82E69965300708532 /* GoogleSignIn */; };
		F400C4EB2E69965300708532 /* GoogleSignInSwift in Frameworks */ = {isa = PBXBuildFile; productRef = F400C4EA2E69965300708532 /* GoogleSignInSwift */; };
/* End PBXBuildFile section */

/* Begin PBXContainerItemProxy section */
		F472290B2E68468300DA89D2 /* PBXContainerItemProxy */ = {
			isa = PBXContainerItemProxy;
			containerPortal = F47228F42E68468200DA89D2 /* Project object */;
			proxyType = 1;
			remoteGlobalIDString = F47228FB2E68468200DA89D2;
			remoteInfo = Asana;
		};
		F47229152E68468300DA89D2 /* PBXContainerItemProxy */ = {
			isa = PBXContainerItemProxy;
			containerPortal = F47228F42E68468200DA89D2 /* Project object */;
			proxyType = 1;
			remoteGlobalIDString = F47228FB2E68468200DA89D2;
			remoteInfo = Asana;
		};
/* End PBXContainerItemProxy section */

/* Begin PBXFileReference section */
		F47228FC2E68468200DA89D2 /* Asana.app */ = {isa = PBXFileReference; explicitFileType = wrapper.application; includeInIndex = 0; path = Asana.app; sourceTree = BUILT_PRODUCTS_DIR; };
		F472290A2E68468300DA89D2 /* AsanaTests.xctest */ = {isa = PBXFileReference; explicitFileType = wrapper.cfbundle; includeInIndex = 0; path = AsanaTests.xctest; sourceTree = BUILT_PRODUCTS_DIR; };
		F47229142E68468300DA89D2 /* AsanaUITests.xctest */ = {isa = PBXFileReference; explicitFileType = wrapper.cfbundle; includeInIndex = 0; path = AsanaUITests.xctest; sourceTree = BUILT_PRODUCTS_DIR; };
/* End PBXFileReference section */

/* Begin PBXFileSystemSynchronizedBuildFileExceptionSet section */
		F400C4DE2E698AC000708532 /* Exceptions for "Asana" folder in "Asana" target */ = {
			isa = PBXFileSystemSynchronizedBuildFileExceptionSet;
			membershipExceptions = (
				Info.plist,
			);
			target = F47228FB2E68468200DA89D2 /* Asana */;
		};
/* End PBXFileSystemSynchronizedBuildFileExceptionSet section */

/* Begin PBXFileSystemSynchronizedRootGroup section */
		F47228FE2E68468200DA89D2 /* Asana */ = {
			isa = PBXFileSystemSynchronizedRootGroup;
			exceptions = (
				F400C4DE2E698AC000708532 /* Exceptions for "Asana" folder in "Asana" target */,
			);
			path = Asana;
			sourceTree = "<group>";
		};
		F472290D2E68468300DA89D2 /* AsanaTests */ = {
			isa = PBXFileSystemSynchronizedRootGroup;
			path = AsanaTests;
			sourceTree = "<group>";
		};
		F47229172E68468300DA89D2 /* AsanaUITests */ = {
			isa = PBXFileSystemSynchronizedRootGroup;
			path = AsanaUITests;
			sourceTree = "<group>";
		};
/* End PBXFileSystemSynchronizedRootGroup section */

/* Begin PBXFrameworksBuildPhase section */
		F47228F92E68468200DA89D2 /* Frameworks */ = {
			isa = PBXFrameworksBuildPhase;
			buildActionMask = 2147483647;
			files = (
				F400C4CE2E69884100708532 /* FirebaseDatabase in Frameworks */,
				F400C4D02E69884100708532 /* FirebaseFirestore in Frameworks */,
				F400C4DA2E69884100708532 /* FirebaseStorage in Frameworks */,
				F400C4D62E69884100708532 /* FirebaseMessaging in Frameworks */,
				F400C4D22E69884100708532 /* FirebaseFunctions in Frameworks */,
				F400C4E92E69965300708532 /* GoogleSignIn in Frameworks */,
				F400C4CC2E69884100708532 /* FirebaseCore in Frameworks */,
				F400C4CA2E69884100708532 /* FirebaseAuth in Frameworks */,
				F400C4D82E69884100708532 /* FirebasePerformance in Frameworks */,
				F400C4D42E69884100708532 /* FirebaseFunctionsCombine-Community in Frameworks */,
				F400C4EB2E69965300708532 /* GoogleSignInSwift in Frameworks */,
			);
			runOnlyForDeploymentPostprocessing = 0;
		};
		F47229072E68468300DA89D2 /* Frameworks */ = {
			isa = PBXFrameworksBuildPhase;
			buildActionMask = 2147483647;
			files = (
			);
			runOnlyForDeploymentPostprocessing = 0;
		};
		F47229112E68468300DA89D2 /* Frameworks */ = {
			isa = PBXFrameworksBuildPhase;
			buildActionMask = 2147483647;
			files = (
			);
			runOnlyForDeploymentPostprocessing = 0;
		};
/* End PBXFrameworksBuildPhase section */

/* Begin PBXGroup section */
		F47228F32E68468200DA89D2 = {
			isa = PBXGroup;
			children = (
				F47228FE2E68468200DA89D2 /* Asana */,
				F472290D2E68468300DA89D2 /* AsanaTests */,
				F47229172E68468300DA89D2 /* AsanaUITests */,
				F47228FD2E68468200DA89D2 /* Products */,
			);
			sourceTree = "<group>";
		};
		F47228FD2E68468200DA89D2 /* Products */ = {
			isa = PBXGroup;
			children = (
				F47228FC2E68468200DA89D2 /* Asana.app */,
				F472290A2E68468300DA89D2 /* AsanaTests.xctest */,
				F47229142E68468300DA89D2 /* AsanaUITests.xctest */,
			);
			name = Products;
			sourceTree = "<group>";
		};
/* End PBXGroup section */

/* Begin PBXNativeTarget section */
		F47228FB2E68468200DA89D2 /* Asana */ = {
			isa = PBXNativeTarget;
			buildConfigurationList = F472291E2E68468300DA89D2 /* Build configuration list for PBXNativeTarget "Asana" */;
			buildPhases = (
				F47228F82E68468200DA89D2 /* Sources */,
				F47228F92E68468200DA89D2 /* Frameworks */,
				F47228FA2E68468200DA89D2 /* Resources */,
			);
			buildRules = (
			);
			dependencies = (
				F46CCDB02E8132FB00887629 /* PBXTargetDependency */,
			);
			fileSystemSynchronizedGroups = (
				F47228FE2E68468200DA89D2 /* Asana */,
			);
			name = Asana;
			packageProductDependencies = (
				F400C4C92E69884100708532 /* FirebaseAuth */,
				F400C4CB2E69884100708532 /* FirebaseCore */,
				F400C4CD2E69884100708532 /* FirebaseDatabase */,
				F400C4CF2E69884100708532 /* FirebaseFirestore */,
				F400C4D12E69884100708532 /* FirebaseFunctions */,
				F400C4D32E69884100708532 /* FirebaseFunctionsCombine-Community */,
				F400C4D52E69884100708532 /* FirebaseMessaging */,
				F400C4D72E69884100708532 /* FirebasePerformance */,
				F400C4D92E69884100708532 /* FirebaseStorage */,
				F400C4E82E69965300708532 /* GoogleSignIn */,
				F400C4EA2E69965300708532 /* GoogleSignInSwift */,
			);
			productName = Asana;
			productReference = F47228FC2E68468200DA89D2 /* Asana.app */;
			productType = "com.apple.product-type.application";
		};
		F47229092E68468300DA89D2 /* AsanaTests */ = {
			isa = PBXNativeTarget;
			buildConfigurationList = F47229212E68468300DA89D2 /* Build configuration list for PBXNativeTarget "AsanaTests" */;
			buildPhases = (
				F47229062E68468300DA89D2 /* Sources */,
				F47229072E68468300DA89D2 /* Frameworks */,
				F47229082E68468300DA89D2 /* Resources */,
			);
			buildRules = (
			);
			dependencies = (
				F472290C2E68468300DA89D2 /* PBXTargetDependency */,
			);
			fileSystemSynchronizedGroups = (
				F472290D2E68468300DA89D2 /* AsanaTests */,
			);
			name = AsanaTests;
			packageProductDependencies = (
			);
			productName = AsanaTests;
			productReference = F472290A2E68468300DA89D2 /* AsanaTests.xctest */;
			productType = "com.apple.product-type.bundle.unit-test";
		};
		F47229132E68468300DA89D2 /* AsanaUITests */ = {
			isa = PBXNativeTarget;
			buildConfigurationList = F47229242E68468300DA89D2 /* Build configuration list for PBXNativeTarget "AsanaUITests" */;
			buildPhases = (
				F47229102E68468300DA89D2 /* Sources */,
				F47229112E68468300DA89D2 /* Frameworks */,
				F47229122E68468300DA89D2 /* Resources */,
			);
			buildRules = (
			);
			dependencies = (
				F47229162E68468300DA89D2 /* PBXTargetDependency */,
			);
			fileSystemSynchronizedGroups = (
				F47229172E68468300DA89D2 /* AsanaUITests */,
			);
			name = AsanaUITests;
			packageProductDependencies = (
			);
			productName = AsanaUITests;
			productReference = F47229142E68468300DA89D2 /* AsanaUITests.xctest */;
			productType = "com.apple.product-type.bundle.ui-testing";
		};
/* End PBXNativeTarget section */

/* Begin PBXProject section */
		F47228F42E68468200DA89D2 /* Project object */ = {
			isa = PBXProject;
			attributes = {
				BuildIndependentTargetsInParallel = 1;
				LastSwiftUpdateCheck = 1640;
				LastUpgradeCheck = 1640;
				TargetAttributes = {
					F47228FB2E68468200DA89D2 = {
						CreatedOnToolsVersion = 16.4;
					};
					F47229092E68468300DA89D2 = {
						CreatedOnToolsVersion = 16.4;
						TestTargetID = F47228FB2E68468200DA89D2;
					};
					F47229132E68468300DA89D2 = {
						CreatedOnToolsVersion = 16.4;
						TestTargetID = F47228FB2E68468200DA89D2;
					};
				};
			};
			buildConfigurationList = F47228F72E68468200DA89D2 /* Build configuration list for PBXProject "Asana" */;
			developmentRegion = en;
			hasScannedForEncodings = 0;
			knownRegions = (
				en,
				Base,
			);
			mainGroup = F47228F32E68468200DA89D2;
			minimizedProjectReferenceProxies = 1;
			packageReferences = (
				F400C4C82E69884100708532 /* XCRemoteSwiftPackageReference "firebase-ios-sdk" */,
				F400C4E72E69965300708532 /* XCRemoteSwiftPackageReference "GoogleSignIn-iOS" */,
			);
			preferredProjectObjectVersion = 77;
			productRefGroup = F47228FD2E68468200DA89D2 /* Products */;
			projectDirPath = "";
			projectRoot = "";
			targets = (
				F47228FB2E68468200DA89D2 /* Asana */,
				F47229092E68468300DA89D2 /* AsanaTests */,
				F47229132E68468300DA89D2 /* AsanaUITests */,
			);
		};
/* End PBXProject section */

/* Begin PBXResourcesBuildPhase section */
		F47228FA2E68468200DA89D2 /* Resources */ = {
			isa = PBXResourcesBuildPhase;
			buildActionMask = 2147483647;
			files = (
			);
			runOnlyForDeploymentPostprocessing = 0;
		};
		F47229082E68468300DA89D2 /* Resources */ = {
			isa = PBXResourcesBuildPhase;
			buildActionMask = 2147483647;
			files = (
			);
			runOnlyForDeploymentPostprocessing = 0;
		};
		F47229122E68468300DA89D2 /* Resources */ = {
			isa = PBXResourcesBuildPhase;
			buildActionMask = 2147483647;
			files = (
			);
			runOnlyForDeploymentPostprocessing = 0;
		};
/* End PBXResourcesBuildPhase section */

/* Begin PBXSourcesBuildPhase section */
		F47228F82E68468200DA89D2 /* Sources */ = {
			isa = PBXSourcesBuildPhase;
			buildActionMask = 2147483647;
			files = (
			);
			runOnlyForDeploymentPostprocessing = 0;
		};
		F47229062E68468300DA89D2 /* Sources */ = {
			isa = PBXSourcesBuildPhase;
			buildActionMask = 2147483647;
			files = (
			);
			runOnlyForDeploymentPostprocessing = 0;
		};
		F47229102E68468300DA89D2 /* Sources */ = {
			isa = PBXSourcesBuildPhase;
			buildActionMask = 2147483647;
			files = (
			);
			runOnlyForDeploymentPostprocessing = 0;
		};
/* End PBXSourcesBuildPhase section */

/* Begin PBXTargetDependency section */
		F46CCDB02E8132FB00887629 /* PBXTargetDependency */ = {
			isa = PBXTargetDependency;
			productRef = F46CCDAF2E8132FB00887629 /* FirebaseFirestore */;
		};
		F472290C2E68468300DA89D2 /* PBXTargetDependency */ = {
			isa = PBXTargetDependency;
			target = F47228FB2E68468200DA89D2 /* Asana */;
			targetProxy = F472290B2E68468300DA89D2 /* PBXContainerItemProxy */;
		};
		F47229162E68468300DA89D2 /* PBXTargetDependency */ = {
			isa = PBXTargetDependency;
			target = F47228FB2E68468200DA89D2 /* Asana */;
			targetProxy = F47229152E68468300DA89D2 /* PBXContainerItemProxy */;
		};
/* End PBXTargetDependency section */

/* Begin XCBuildConfiguration section */
		F472291C2E68468300DA89D2 /* Debug */ = {
			isa = XCBuildConfiguration;
			buildSettings = {
				ALWAYS_SEARCH_USER_PATHS = NO;
				ASSETCATALOG_COMPILER_GENERATE_SWIFT_ASSET_SYMBOL_EXTENSIONS = YES;
				CLANG_ANALYZER_NONNULL = YES;
				CLANG_ANALYZER_NUMBER_OBJECT_CONVERSION = YES_AGGRESSIVE;
				CLANG_CXX_LANGUAGE_STANDARD = "gnu++20";
				CLANG_ENABLE_MODULES = YES;
				CLANG_ENABLE_OBJC_ARC = YES;
				CLANG_ENABLE_OBJC_WEAK = YES;
				CLANG_WARN_BLOCK_CAPTURE_AUTORELEASING = YES;
				CLANG_WARN_BOOL_CONVERSION = YES;
				CLANG_WARN_COMMA = YES;
				CLANG_WARN_CONSTANT_CONVERSION = YES;
				CLANG_WARN_DEPRECATED_OBJC_IMPLEMENTATIONS = YES;
				CLANG_WARN_DIRECT_OBJC_ISA_USAGE = YES_ERROR;
				CLANG_WARN_DOCUMENTATION_COMMENTS = YES;
				CLANG_WARN_EMPTY_BODY = YES;
				CLANG_WARN_ENUM_CONVERSION = YES;
				CLANG_WARN_INFINITE_RECURSION = YES;
				CLANG_WARN_INT_CONVERSION = YES;
				CLANG_WARN_NON_LITERAL_NULL_CONVERSION = YES;
				CLANG_WARN_OBJC_IMPLICIT_RETAIN_SELF = YES;
				CLANG_WARN_OBJC_LITERAL_CONVERSION = YES;
				CLANG_WARN_OBJC_ROOT_CLASS = YES_ERROR;
				CLANG_WARN_QUOTED_INCLUDE_IN_FRAMEWORK_HEADER = YES;
				CLANG_WARN_RANGE_LOOP_ANALYSIS = YES;
				CLANG_WARN_STRICT_PROTOTYPES = YES;
				CLANG_WARN_SUSPICIOUS_MOVE = YES;
				CLANG_WARN_UNGUARDED_AVAILABILITY = YES_AGGRESSIVE;
				CLANG_WARN_UNREACHABLE_CODE = YES;
				CLANG_WARN__DUPLICATE_METHOD_MATCH = YES;
				COPY_PHASE_STRIP = NO;
				DEBUG_INFORMATION_FORMAT = dwarf;
				DEVELOPMENT_TEAM = 933RK539JX;
				ENABLE_STRICT_OBJC_MSGSEND = YES;
				ENABLE_TESTABILITY = YES;
				ENABLE_USER_SCRIPT_SANDBOXING = YES;
				GCC_C_LANGUAGE_STANDARD = gnu17;
				GCC_DYNAMIC_NO_PIC = NO;
				GCC_NO_COMMON_BLOCKS = YES;
				GCC_OPTIMIZATION_LEVEL = 0;
				GCC_PREPROCESSOR_DEFINITIONS = (
					"DEBUG=1",
					"$(inherited)",
				);
				GCC_WARN_64_TO_32_BIT_CONVERSION = YES;
				GCC_WARN_ABOUT_RETURN_TYPE = YES_ERROR;
				GCC_WARN_UNDECLARED_SELECTOR = YES;
				GCC_WARN_UNINITIALIZED_AUTOS = YES_AGGRESSIVE;
				GCC_WARN_UNUSED_FUNCTION = YES;
				GCC_WARN_UNUSED_VARIABLE = YES;
				LOCALIZATION_PREFERS_STRING_CATALOGS = YES;
				MTL_ENABLE_DEBUG_INFO = INCLUDE_SOURCE;
				MTL_FAST_MATH = YES;
				ONLY_ACTIVE_ARCH = YES;
				SWIFT_ACTIVE_COMPILATION_CONDITIONS = "DEBUG $(inherited)";
				SWIFT_OPTIMIZATION_LEVEL = "-Onone";
			};
			name = Debug;
		};
		F472291D2E68468300DA89D2 /* Release */ = {
			isa = XCBuildConfiguration;
			buildSettings = {
				ALWAYS_SEARCH_USER_PATHS = NO;
				ASSETCATALOG_COMPILER_GENERATE_SWIFT_ASSET_SYMBOL_EXTENSIONS = YES;
				CLANG_ANALYZER_NONNULL = YES;
				CLANG_ANALYZER_NUMBER_OBJECT_CONVERSION = YES_AGGRESSIVE;
				CLANG_CXX_LANGUAGE_STANDARD = "gnu++20";
				CLANG_ENABLE_MODULES = YES;
				CLANG_ENABLE_OBJC_ARC = YES;
				CLANG_ENABLE_OBJC_WEAK = YES;
				CLANG_WARN_BLOCK_CAPTURE_AUTORELEASING = YES;
				CLANG_WARN_BOOL_CONVERSION = YES;
				CLANG_WARN_COMMA = YES;
				CLANG_WARN_CONSTANT_CONVERSION = YES;
				CLANG_WARN_DEPRECATED_OBJC_IMPLEMENTATIONS = YES;
				CLANG_WARN_DIRECT_OBJC_ISA_USAGE = YES_ERROR;
				CLANG_WARN_DOCUMENTATION_COMMENTS = YES;
				CLANG_WARN_EMPTY_BODY = YES;
				CLANG_WARN_ENUM_CONVERSION = YES;
				CLANG_WARN_INFINITE_RECURSION = YES;
				CLANG_WARN_INT_CONVERSION = YES;
				CLANG_WARN_NON_LITERAL_NULL_CONVERSION = YES;
				CLANG_WARN_OBJC_IMPLICIT_RETAIN_SELF = YES;
				CLANG_WARN_OBJC_LITERAL_CONVERSION = YES;
				CLANG_WARN_OBJC_ROOT_CLASS = YES_ERROR;
				CLANG_WARN_QUOTED_INCLUDE_IN_FRAMEWORK_HEADER = YES;
				CLANG_WARN_RANGE_LOOP_ANALYSIS = YES;
				CLANG_WARN_STRICT_PROTOTYPES = YES;
				CLANG_WARN_SUSPICIOUS_MOVE = YES;
				CLANG_WARN_UNGUARDED_AVAILABILITY = YES_AGGRESSIVE;
				CLANG_WARN_UNREACHABLE_CODE = YES;
				CLANG_WARN__DUPLICATE_METHOD_MATCH = YES;
				COPY_PHASE_STRIP = NO;
				DEBUG_INFORMATION_FORMAT = "dwarf-with-dsym";
				DEVELOPMENT_TEAM = 933RK539JX;
				ENABLE_NS_ASSERTIONS = NO;
				ENABLE_STRICT_OBJC_MSGSEND = YES;
				ENABLE_USER_SCRIPT_SANDBOXING = YES;
				GCC_C_LANGUAGE_STANDARD = gnu17;
				GCC_NO_COMMON_BLOCKS = YES;
				GCC_WARN_64_TO_32_BIT_CONVERSION = YES;
				GCC_WARN_ABOUT_RETURN_TYPE = YES_ERROR;
				GCC_WARN_UNDECLARED_SELECTOR = YES;
				GCC_WARN_UNINITIALIZED_AUTOS = YES_AGGRESSIVE;
				GCC_WARN_UNUSED_FUNCTION = YES;
				GCC_WARN_UNUSED_VARIABLE = YES;
				LOCALIZATION_PREFERS_STRING_CATALOGS = YES;
				MTL_ENABLE_DEBUG_INFO = NO;
				MTL_FAST_MATH = YES;
				SWIFT_COMPILATION_MODE = wholemodule;
			};
			name = Release;
		};
		F472291F2E68468300DA89D2 /* Debug */ = {
			isa = XCBuildConfiguration;
			buildSettings = {
				ASSETCATALOG_COMPILER_APPICON_NAME = AppIcon;
				ASSETCATALOG_COMPILER_GLOBAL_ACCENT_COLOR_NAME = AccentColor;
				CODE_SIGN_ENTITLEMENTS = Asana/Asana.entitlements;
				CODE_SIGN_STYLE = Automatic;
				CURRENT_PROJECT_VERSION = 1;
				DEVELOPMENT_TEAM = 933RK539JX;
				ENABLE_HARDENED_RUNTIME = YES;
				ENABLE_PREVIEWS = YES;
				GENERATE_INFOPLIST_FILE = YES;
				INFOPLIST_FILE = Asana/Info.plist;
				"INFOPLIST_KEY_UIApplicationSceneManifest_Generation[sdk=iphoneos*]" = YES;
				"INFOPLIST_KEY_UIApplicationSceneManifest_Generation[sdk=iphonesimulator*]" = YES;
				"INFOPLIST_KEY_UIApplicationSupportsIndirectInputEvents[sdk=iphoneos*]" = YES;
				"INFOPLIST_KEY_UIApplicationSupportsIndirectInputEvents[sdk=iphonesimulator*]" = YES;
				"INFOPLIST_KEY_UILaunchScreen_Generation[sdk=iphoneos*]" = YES;
				"INFOPLIST_KEY_UILaunchScreen_Generation[sdk=iphonesimulator*]" = YES;
				"INFOPLIST_KEY_UIStatusBarStyle[sdk=iphoneos*]" = UIStatusBarStyleDefault;
				"INFOPLIST_KEY_UIStatusBarStyle[sdk=iphonesimulator*]" = UIStatusBarStyleDefault;
				INFOPLIST_KEY_UISupportedInterfaceOrientations_iPad = "UIInterfaceOrientationPortrait UIInterfaceOrientationPortraitUpsideDown UIInterfaceOrientationLandscapeLeft UIInterfaceOrientationLandscapeRight";
				INFOPLIST_KEY_UISupportedInterfaceOrientations_iPhone = "UIInterfaceOrientationPortrait UIInterfaceOrientationLandscapeLeft UIInterfaceOrientationLandscapeRight";
				IPHONEOS_DEPLOYMENT_TARGET = 16.6;
				LD_RUNPATH_SEARCH_PATHS = "@executable_path/Frameworks";
				"LD_RUNPATH_SEARCH_PATHS[sdk=macosx*]" = "@executable_path/../Frameworks";
				MACOSX_DEPLOYMENT_TARGET = 13.5;
				MARKETING_VERSION = 1.0;
				PRODUCT_BUNDLE_IDENTIFIER = com.vanasol.Asana;
				PRODUCT_NAME = "$(TARGET_NAME)";
				REGISTER_APP_GROUPS = YES;
				SDKROOT = auto;
				SUPPORTED_PLATFORMS = "iphoneos iphonesimulator macosx xros xrsimulator";
				SWIFT_EMIT_LOC_STRINGS = YES;
				SWIFT_VERSION = 5.0;
				TARGETED_DEVICE_FAMILY = "1,2,7";
				XROS_DEPLOYMENT_TARGET = 2.5;
			};
			name = Debug;
		};
		F47229202E68468300DA89D2 /* Release */ = {
			isa = XCBuildConfiguration;
			buildSettings = {
				ASSETCATALOG_COMPILER_APPICON_NAME = AppIcon;
				ASSETCATALOG_COMPILER_GLOBAL_ACCENT_COLOR_NAME = AccentColor;
				CODE_SIGN_ENTITLEMENTS = Asana/Asana.entitlements;
				CODE_SIGN_STYLE = Automatic;
				CURRENT_PROJECT_VERSION = 1;
				DEVELOPMENT_TEAM = 933RK539JX;
				ENABLE_HARDENED_RUNTIME = YES;
				ENABLE_PREVIEWS = YES;
				GENERATE_INFOPLIST_FILE = YES;
				INFOPLIST_FILE = Asana/Info.plist;
				"INFOPLIST_KEY_UIApplicationSceneManifest_Generation[sdk=iphoneos*]" = YES;
				"INFOPLIST_KEY_UIApplicationSceneManifest_Generation[sdk=iphonesimulator*]" = YES;
				"INFOPLIST_KEY_UIApplicationSupportsIndirectInputEvents[sdk=iphoneos*]" = YES;
				"INFOPLIST_KEY_UIApplicationSupportsIndirectInputEvents[sdk=iphonesimulator*]" = YES;
				"INFOPLIST_KEY_UILaunchScreen_Generation[sdk=iphoneos*]" = YES;
				"INFOPLIST_KEY_UILaunchScreen_Generation[sdk=iphonesimulator*]" = YES;
				"INFOPLIST_KEY_UIStatusBarStyle[sdk=iphoneos*]" = UIStatusBarStyleDefault;
				"INFOPLIST_KEY_UIStatusBarStyle[sdk=iphonesimulator*]" = UIStatusBarStyleDefault;
				INFOPLIST_KEY_UISupportedInterfaceOrientations_iPad = "UIInterfaceOrientationPortrait UIInterfaceOrientationPortraitUpsideDown UIInterfaceOrientationLandscapeLeft UIInterfaceOrientationLandscapeRight";
				INFOPLIST_KEY_UISupportedInterfaceOrientations_iPhone = "UIInterfaceOrientationPortrait UIInterfaceOrientationLandscapeLeft UIInterfaceOrientationLandscapeRight";
				IPHONEOS_DEPLOYMENT_TARGET = 16.6;
				LD_RUNPATH_SEARCH_PATHS = "@executable_path/Frameworks";
				"LD_RUNPATH_SEARCH_PATHS[sdk=macosx*]" = "@executable_path/../Frameworks";
				MACOSX_DEPLOYMENT_TARGET = 13.5;
				MARKETING_VERSION = 1.0;
				PRODUCT_BUNDLE_IDENTIFIER = com.vanasol.Asana;
				PRODUCT_NAME = "$(TARGET_NAME)";
				REGISTER_APP_GROUPS = YES;
				SDKROOT = auto;
				SUPPORTED_PLATFORMS = "iphoneos iphonesimulator macosx xros xrsimulator";
				SWIFT_EMIT_LOC_STRINGS = YES;
				SWIFT_VERSION = 5.0;
				TARGETED_DEVICE_FAMILY = "1,2,7";
				XROS_DEPLOYMENT_TARGET = 2.5;
			};
			name = Release;
		};
		F47229222E68468300DA89D2 /* Debug */ = {
			isa = XCBuildConfiguration;
			buildSettings = {
				BUNDLE_LOADER = "$(TEST_HOST)";
				CODE_SIGN_STYLE = Automatic;
				CURRENT_PROJECT_VERSION = 1;
				DEVELOPMENT_TEAM = 933RK539JX;
				GENERATE_INFOPLIST_FILE = YES;
				IPHONEOS_DEPLOYMENT_TARGET = 18.5;
				MACOSX_DEPLOYMENT_TARGET = 15.5;
				MARKETING_VERSION = 1.0;
				PRODUCT_BUNDLE_IDENTIFIER = com.vanasol.AsanaTests;
				PRODUCT_NAME = "$(TARGET_NAME)";
				SDKROOT = auto;
				SUPPORTED_PLATFORMS = "iphoneos iphonesimulator macosx xros xrsimulator";
				SWIFT_EMIT_LOC_STRINGS = NO;
				SWIFT_VERSION = 5.0;
				TARGETED_DEVICE_FAMILY = "1,2,7";
				TEST_HOST = "$(BUILT_PRODUCTS_DIR)/Asana.app/$(BUNDLE_EXECUTABLE_FOLDER_PATH)/Asana";
				XROS_DEPLOYMENT_TARGET = 2.5;
			};
			name = Debug;
		};
		F47229232E68468300DA89D2 /* Release */ = {
			isa = XCBuildConfiguration;
			buildSettings = {
				BUNDLE_LOADER = "$(TEST_HOST)";
				CODE_SIGN_STYLE = Automatic;
				CURRENT_PROJECT_VERSION = 1;
				DEVELOPMENT_TEAM = 933RK539JX;
				GENERATE_INFOPLIST_FILE = YES;
				IPHONEOS_DEPLOYMENT_TARGET = 18.5;
				MACOSX_DEPLOYMENT_TARGET = 15.5;
				MARKETING_VERSION = 1.0;
				PRODUCT_BUNDLE_IDENTIFIER = com.vanasol.AsanaTests;
				PRODUCT_NAME = "$(TARGET_NAME)";
				SDKROOT = auto;
				SUPPORTED_PLATFORMS = "iphoneos iphonesimulator macosx xros xrsimulator";
				SWIFT_EMIT_LOC_STRINGS = NO;
				SWIFT_VERSION = 5.0;
				TARGETED_DEVICE_FAMILY = "1,2,7";
				TEST_HOST = "$(BUILT_PRODUCTS_DIR)/Asana.app/$(BUNDLE_EXECUTABLE_FOLDER_PATH)/Asana";
				XROS_DEPLOYMENT_TARGET = 2.5;
			};
			name = Release;
		};
		F47229252E68468300DA89D2 /* Debug */ = {
			isa = XCBuildConfiguration;
			buildSettings = {
				CODE_SIGN_STYLE = Automatic;
				CURRENT_PROJECT_VERSION = 1;
				DEVELOPMENT_TEAM = 933RK539JX;
				GENERATE_INFOPLIST_FILE = YES;
				IPHONEOS_DEPLOYMENT_TARGET = 18.5;
				MACOSX_DEPLOYMENT_TARGET = 15.5;
				MARKETING_VERSION = 1.0;
				PRODUCT_BUNDLE_IDENTIFIER = com.vanasol.AsanaUITests;
				PRODUCT_NAME = "$(TARGET_NAME)";
				SDKROOT = auto;
				SUPPORTED_PLATFORMS = "iphoneos iphonesimulator macosx xros xrsimulator";
				SWIFT_EMIT_LOC_STRINGS = NO;
				SWIFT_VERSION = 5.0;
				TARGETED_DEVICE_FAMILY = "1,2,7";
				TEST_TARGET_NAME = Asana;
				XROS_DEPLOYMENT_TARGET = 2.5;
			};
			name = Debug;
		};
		F47229262E68468300DA89D2 /* Release */ = {
			isa = XCBuildConfiguration;
			buildSettings = {
				CODE_SIGN_STYLE = Automatic;
				CURRENT_PROJECT_VERSION = 1;
				DEVELOPMENT_TEAM = 933RK539JX;
				GENERATE_INFOPLIST_FILE = YES;
				IPHONEOS_DEPLOYMENT_TARGET = 18.5;
				MACOSX_DEPLOYMENT_TARGET = 15.5;
				MARKETING_VERSION = 1.0;
				PRODUCT_BUNDLE_IDENTIFIER = com.vanasol.AsanaUITests;
				PRODUCT_NAME = "$(TARGET_NAME)";
				SDKROOT = auto;
				SUPPORTED_PLATFORMS = "iphoneos iphonesimulator macosx xros xrsimulator";
				SWIFT_EMIT_LOC_STRINGS = NO;
				SWIFT_VERSION = 5.0;
				TARGETED_DEVICE_FAMILY = "1,2,7";
				TEST_TARGET_NAME = Asana;
				XROS_DEPLOYMENT_TARGET = 2.5;
			};
			name = Release;
		};
/* End XCBuildConfiguration section */

/* Begin XCConfigurationList section */
		F47228F72E68468200DA89D2 /* Build configuration list for PBXProject "Asana" */ = {
			isa = XCConfigurationList;
			buildConfigurations = (
				F472291C2E68468300DA89D2 /* Debug */,
				F472291D2E68468300DA89D2 /* Release */,
			);
			defaultConfigurationIsVisible = 0;
			defaultConfigurationName = Release;
		};
		F472291E2E68468300DA89D2 /* Build configuration list for PBXNativeTarget "Asana" */ = {
			isa = XCConfigurationList;
			buildConfigurations = (
				F472291F2E68468300DA89D2 /* Debug */,
				F47229202E68468300DA89D2 /* Release */,
			);
			defaultConfigurationIsVisible = 0;
			defaultConfigurationName = Release;
		};
		F47229212E68468300DA89D2 /* Build configuration list for PBXNativeTarget "AsanaTests" */ = {
			isa = XCConfigurationList;
			buildConfigurations = (
				F47229222E68468300DA89D2 /* Debug */,
				F47229232E68468300DA89D2 /* Release */,
			);
			defaultConfigurationIsVisible = 0;
			defaultConfigurationName = Release;
		};
		F47229242E68468300DA89D2 /* Build configuration list for PBXNativeTarget "AsanaUITests" */ = {
			isa = XCConfigurationList;
			buildConfigurations = (
				F47229252E68468300DA89D2 /* Debug */,
				F47229262E68468300DA89D2 /* Release */,
			);
			defaultConfigurationIsVisible = 0;
			defaultConfigurationName = Release;
		};
/* End XCConfigurationList section */

/* Begin XCRemoteSwiftPackageReference section */
		F400C4C82E69884100708532 /* XCRemoteSwiftPackageReference "firebase-ios-sdk" */ = {
			isa = XCRemoteSwiftPackageReference;
			repositoryURL = "https://github.com/firebase/firebase-ios-sdk";
			requirement = {
				kind = upToNextMajorVersion;
				minimumVersion = 12.2.0;
			};
		};
		F400C4E72E69965300708532 /* XCRemoteSwiftPackageReference "GoogleSignIn-iOS" */ = {
			isa = XCRemoteSwiftPackageReference;
			repositoryURL = "https://github.com/google/GoogleSignIn-iOS";
			requirement = {
				kind = upToNextMajorVersion;
				minimumVersion = 9.0.0;
			};
		};
/* End XCRemoteSwiftPackageReference section */

/* Begin XCSwiftPackageProductDependency section */
		F400C4C92E69884100708532 /* FirebaseAuth */ = {
			isa = XCSwiftPackageProductDependency;
			package = F400C4C82E69884100708532 /* XCRemoteSwiftPackageReference "firebase-ios-sdk" */;
			productName = FirebaseAuth;
		};
		F400C4CB2E69884100708532 /* FirebaseCore */ = {
			isa = XCSwiftPackageProductDependency;
			package = F400C4C82E69884100708532 /* XCRemoteSwiftPackageReference "firebase-ios-sdk" */;
			productName = FirebaseCore;
		};
		F400C4CD2E69884100708532 /* FirebaseDatabase */ = {
			isa = XCSwiftPackageProductDependency;
			package = F400C4C82E69884100708532 /* XCRemoteSwiftPackageReference "firebase-ios-sdk" */;
			productName = FirebaseDatabase;
		};
		F400C4CF2E69884100708532 /* FirebaseFirestore */ = {
			isa = XCSwiftPackageProductDependency;
			package = F400C4C82E69884100708532 /* XCRemoteSwiftPackageReference "firebase-ios-sdk" */;
			productName = FirebaseFirestore;
		};
		F400C4D12E69884100708532 /* FirebaseFunctions */ = {
			isa = XCSwiftPackageProductDependency;
			package = F400C4C82E69884100708532 /* XCRemoteSwiftPackageReference "firebase-ios-sdk" */;
			productName = FirebaseFunctions;
		};
		F400C4D32E69884100708532 /* FirebaseFunctionsCombine-Community */ = {
			isa = XCSwiftPackageProductDependency;
			package = F400C4C82E69884100708532 /* XCRemoteSwiftPackageReference "firebase-ios-sdk" */;
			productName = "FirebaseFunctionsCombine-Community";
		};
		F400C4D52E69884100708532 /* FirebaseMessaging */ = {
			isa = XCSwiftPackageProductDependency;
			package = F400C4C82E69884100708532 /* XCRemoteSwiftPackageReference "firebase-ios-sdk" */;
			productName = FirebaseMessaging;
		};
		F400C4D72E69884100708532 /* FirebasePerformance */ = {
			isa = XCSwiftPackageProductDependency;
			package = F400C4C82E69884100708532 /* XCRemoteSwiftPackageReference "firebase-ios-sdk" */;
			productName = FirebasePerformance;
		};
		F400C4D92E69884100708532 /* FirebaseStorage */ = {
			isa = XCSwiftPackageProductDependency;
			package = F400C4C82E69884100708532 /* XCRemoteSwiftPackageReference "firebase-ios-sdk" */;
			productName = FirebaseStorage;
		};
		F400C4E82E69965300708532 /* GoogleSignIn */ = {
			isa = XCSwiftPackageProductDependency;
			package = F400C4E72E69965300708532 /* XCRemoteSwiftPackageReference "GoogleSignIn-iOS" */;
			productName = GoogleSignIn;
		};
		F400C4EA2E69965300708532 /* GoogleSignInSwift */ = {
			isa = XCSwiftPackageProductDependency;
			package = F400C4E72E69965300708532 /* XCRemoteSwiftPackageReference "GoogleSignIn-iOS" */;
			productName = GoogleSignInSwift;
		};
		F46CCDAF2E8132FB00887629 /* FirebaseFirestore */ = {
			isa = XCSwiftPackageProductDependency;
			package = F400C4C82E69884100708532 /* XCRemoteSwiftPackageReference "firebase-ios-sdk" */;
			productName = FirebaseFirestore;
		};
/* End XCSwiftPackageProductDependency section */
	};
	rootObject = F47228F42E68468200DA89D2 /* Project object */;
}
